
Microsoft Visual Studio Solution File, Format Version 12.00
# Visual Studio 15
VisualStudioVersion = 15.0.26430.12
MinimumVisualStudioVersion = 10.0.40219.1
Project("{FAE04EC0-301F-11D3-BF4B-00C04F79EFBC}") = "WpfPP8", "WpfApp8\WpfPP8.csproj", "{EBEACCC1-E259-4FF1-B600-8CA9B80246BF}"
EndProject
Global
	GlobalSection(SolutionConfigurationPlatforms) = preSolution
		Debug|Any CPU = Debug|Any CPU
		Release|Any CPU = Release|Any CPU
	EndGlobalSection
	GlobalSection(ProjectConfigurationPlatforms) = postSolution
		{EBEACCC1-E259-4FF1-B600-8CA9B80246BF}.Debug|Any CPU.ActiveCfg = Debug|Any CPU
		{EBEACCC1-E259-4FF1-B600-8CA9B80246BF}.Debug|Any CPU.Build.0 = Debug|Any CPU
		{EBEACCC1-E259-4FF1-B600-8CA9B80246BF}.Release|Any CPU.ActiveCfg = Release|Any CPU
		{EBEACCC1-E259-4FF1-B600-8CA9B80246BF}.Release|Any CPU.Build.0 = Release|Any CPU
	EndGlobalSection
	GlobalSection(SolutionProperties) = preSolution
		HideSolutionNode = FALSE
	EndGlobalSection
EndGlobal
